
Microsoft Visual Studio Solution File, Format Version 12.00
# Visual Studio 14
VisualStudioVersion = 14.0.25420.1
MinimumVisualStudioVersion = 10.0.40219.1
Project("{2150E333-8FDC-42A3-9474-1A3956D46DE8}") = "src", "src", "{80761550-5E4B-44FF-AAFD-5B1E3526A24C}"
EndProject
Project("{2150E333-8FDC-42A3-9474-1A3956D46DE8}") = "Solution Items", "Solution Items", "{16C1B74A-7176-4C16-ADCF-3F32DC4E46B3}"
	ProjectSection(SolutionItems) = preProject
		global.json = global.json
	EndProjectSection
EndProject
Project("{8BB2217D-0F2D-49D1-97BC-3654ED321F3B}") = "Sofco.Service", "src\Sofco.Service\Sofco.Service.xproj", "{AD4DCE59-68BC-492C-AB44-6B65253DC886}"
EndProject
Project("{8BB2217D-0F2D-49D1-97BC-3654ED321F3B}") = "Sofco.Resources", "src\Sofco.Resources\Sofco.Resources.xproj", "{5CAE3528-FA3A-46B4-A750-A8B564FE2FBF}"
EndProject
Project("{8BB2217D-0F2D-49D1-97BC-3654ED321F3B}") = "Sofco.Model", "src\Sofco.Model\Sofco.Model.xproj", "{66E60B16-A51B-421F-AD11-E1194D6F5583}"
EndProject
Project("{8BB2217D-0F2D-49D1-97BC-3654ED321F3B}") = "Sofco.Framework", "src\Sofco.Framework\Sofco.Framework.xproj", "{D7D4F1AA-DC81-48D8-AD4B-E48518A0BAA7}"
EndProject
Project("{8BB2217D-0F2D-49D1-97BC-3654ED321F3B}") = "Sofco.DAL", "src\Sofco.DAL\Sofco.DAL.xproj", "{4F2CBE0F-8513-489E-8482-495912898E43}"
EndProject
Project("{8BB2217D-0F2D-49D1-97BC-3654ED321F3B}") = "Sofco.Core", "src\Sofco.Core\Sofco.Core.xproj", "{500196D4-43D9-48F4-B10C-427A66F9701C}"
EndProject
Project("{8BB2217D-0F2D-49D1-97BC-3654ED321F3B}") = "Sofco.WebApi", "src\Sofco.WebApi\Sofco.WebApi.xproj", "{56339630-1C77-4C11-99BB-E50C7F797D8B}"
EndProject
Project("{2150E333-8FDC-42A3-9474-1A3956D46DE8}") = "0.Common", "0.Common", "{381AD5EB-F3FC-4DCD-A915-DE9979269F08}"
EndProject
Project("{2150E333-8FDC-42A3-9474-1A3956D46DE8}") = "1.Domain", "1.Domain", "{37DDF2C5-9EB4-4B57-BE67-311FEF2DC711}"
EndProject
Project("{2150E333-8FDC-42A3-9474-1A3956D46DE8}") = "2.DAL", "2.DAL", "{0FA75A15-4CCB-4F4F-8C3D-C6CAC20AF76C}"
EndProject
Project("{2150E333-8FDC-42A3-9474-1A3956D46DE8}") = "4.Service", "4.Service", "{85FE09AD-C052-4555-B616-F91C5AF93852}"
EndProject
Project("{2150E333-8FDC-42A3-9474-1A3956D46DE8}") = "5.Web", "5.Web", "{C3EC6A10-9CCB-4044-B473-CDEDCE35B9E6}"
EndProject
Project("{2150E333-8FDC-42A3-9474-1A3956D46DE8}") = "6.Test", "6.Test", "{1808A346-CD75-4D03-AF2F-965998B3FE13}"
EndProject
Project("{8BB2217D-0F2D-49D1-97BC-3654ED321F3B}") = "Sofco.UnitTests", "src\Sofco.UnitTests\Sofco.UnitTests.xproj", "{EA4BE8A2-0A9C-43C7-86B6-73943BE532A4}"
EndProject
Project("{8BB2217D-0F2D-49D1-97BC-3654ED321F3B}") = "Sofco.Common", "src\Sofco.Common\Sofco.Common.xproj", "{2A2146DB-486F-4721-A2F4-75C7B964F136}"
EndProject
Project("{8BB2217D-0F2D-49D1-97BC-3654ED321F3B}") = "Sofco.Service.Http", "src\Sofco.Service.Http\Sofco.Service.Http.xproj", "{9323CB95-BC07-49E4-89EC-34E5AD9D487E}"
EndProject
Project("{2150E333-8FDC-42A3-9474-1A3956D46DE8}") = "3.ClientService", "3.ClientService", "{A26A2384-FC11-47D3-95E3-E63F1D974F58}"
EndProject
Global
	GlobalSection(SolutionConfigurationPlatforms) = preSolution
		Debug|Any CPU = Debug|Any CPU
		Release|Any CPU = Release|Any CPU
	EndGlobalSection
	GlobalSection(ProjectConfigurationPlatforms) = postSolution
		{AD4DCE59-68BC-492C-AB44-6B65253DC886}.Debug|Any CPU.ActiveCfg = Debug|Any CPU
		{AD4DCE59-68BC-492C-AB44-6B65253DC886}.Debug|Any CPU.Build.0 = Debug|Any CPU
		{AD4DCE59-68BC-492C-AB44-6B65253DC886}.Release|Any CPU.ActiveCfg = Release|Any CPU
		{AD4DCE59-68BC-492C-AB44-6B65253DC886}.Release|Any CPU.Build.0 = Release|Any CPU
		{5CAE3528-FA3A-46B4-A750-A8B564FE2FBF}.Debug|Any CPU.ActiveCfg = Debug|Any CPU
		{5CAE3528-FA3A-46B4-A750-A8B564FE2FBF}.Debug|Any CPU.Build.0 = Debug|Any CPU
		{5CAE3528-FA3A-46B4-A750-A8B564FE2FBF}.Release|Any CPU.ActiveCfg = Release|Any CPU
		{5CAE3528-FA3A-46B4-A750-A8B564FE2FBF}.Release|Any CPU.Build.0 = Release|Any CPU
		{66E60B16-A51B-421F-AD11-E1194D6F5583}.Debug|Any CPU.ActiveCfg = Debug|Any CPU
		{66E60B16-A51B-421F-AD11-E1194D6F5583}.Debug|Any CPU.Build.0 = Debug|Any CPU
		{66E60B16-A51B-421F-AD11-E1194D6F5583}.Release|Any CPU.ActiveCfg = Release|Any CPU
		{66E60B16-A51B-421F-AD11-E1194D6F5583}.Release|Any CPU.Build.0 = Release|Any CPU
		{D7D4F1AA-DC81-48D8-AD4B-E48518A0BAA7}.Debug|Any CPU.ActiveCfg = Debug|Any CPU
		{D7D4F1AA-DC81-48D8-AD4B-E48518A0BAA7}.Debug|Any CPU.Build.0 = Debug|Any CPU
		{D7D4F1AA-DC81-48D8-AD4B-E48518A0BAA7}.Release|Any CPU.ActiveCfg = Release|Any CPU
		{D7D4F1AA-DC81-48D8-AD4B-E48518A0BAA7}.Release|Any CPU.Build.0 = Release|Any CPU
		{4F2CBE0F-8513-489E-8482-495912898E43}.Debug|Any CPU.ActiveCfg = Debug|Any CPU
		{4F2CBE0F-8513-489E-8482-495912898E43}.Debug|Any CPU.Build.0 = Debug|Any CPU
		{4F2CBE0F-8513-489E-8482-495912898E43}.Release|Any CPU.ActiveCfg = Release|Any CPU
		{4F2CBE0F-8513-489E-8482-495912898E43}.Release|Any CPU.Build.0 = Release|Any CPU
		{500196D4-43D9-48F4-B10C-427A66F9701C}.Debug|Any CPU.ActiveCfg = Debug|Any CPU
		{500196D4-43D9-48F4-B10C-427A66F9701C}.Debug|Any CPU.Build.0 = Debug|Any CPU
		{500196D4-43D9-48F4-B10C-427A66F9701C}.Release|Any CPU.ActiveCfg = Release|Any CPU
		{500196D4-43D9-48F4-B10C-427A66F9701C}.Release|Any CPU.Build.0 = Release|Any CPU
		{56339630-1C77-4C11-99BB-E50C7F797D8B}.Debug|Any CPU.ActiveCfg = Debug|Any CPU
		{56339630-1C77-4C11-99BB-E50C7F797D8B}.Debug|Any CPU.Build.0 = Debug|Any CPU
		{56339630-1C77-4C11-99BB-E50C7F797D8B}.Release|Any CPU.ActiveCfg = Release|Any CPU
		{56339630-1C77-4C11-99BB-E50C7F797D8B}.Release|Any CPU.Build.0 = Release|Any CPU
		{EA4BE8A2-0A9C-43C7-86B6-73943BE532A4}.Debug|Any CPU.ActiveCfg = Debug|Any CPU
		{EA4BE8A2-0A9C-43C7-86B6-73943BE532A4}.Debug|Any CPU.Build.0 = Debug|Any CPU
		{EA4BE8A2-0A9C-43C7-86B6-73943BE532A4}.Release|Any CPU.ActiveCfg = Release|Any CPU
		{EA4BE8A2-0A9C-43C7-86B6-73943BE532A4}.Release|Any CPU.Build.0 = Release|Any CPU
		{2A2146DB-486F-4721-A2F4-75C7B964F136}.Debug|Any CPU.ActiveCfg = Debug|Any CPU
		{2A2146DB-486F-4721-A2F4-75C7B964F136}.Debug|Any CPU.Build.0 = Debug|Any CPU
		{2A2146DB-486F-4721-A2F4-75C7B964F136}.Release|Any CPU.ActiveCfg = Release|Any CPU
		{2A2146DB-486F-4721-A2F4-75C7B964F136}.Release|Any CPU.Build.0 = Release|Any CPU
		{9323CB95-BC07-49E4-89EC-34E5AD9D487E}.Debug|Any CPU.ActiveCfg = Debug|Any CPU
		{9323CB95-BC07-49E4-89EC-34E5AD9D487E}.Debug|Any CPU.Build.0 = Debug|Any CPU
		{9323CB95-BC07-49E4-89EC-34E5AD9D487E}.Release|Any CPU.ActiveCfg = Release|Any CPU
		{9323CB95-BC07-49E4-89EC-34E5AD9D487E}.Release|Any CPU.Build.0 = Release|Any CPU
	EndGlobalSection
	GlobalSection(SolutionProperties) = preSolution
		HideSolutionNode = FALSE
	EndGlobalSection
	GlobalSection(NestedProjects) = preSolution
		{AD4DCE59-68BC-492C-AB44-6B65253DC886} = {85FE09AD-C052-4555-B616-F91C5AF93852}
		{5CAE3528-FA3A-46B4-A750-A8B564FE2FBF} = {85FE09AD-C052-4555-B616-F91C5AF93852}
		{66E60B16-A51B-421F-AD11-E1194D6F5583} = {37DDF2C5-9EB4-4B57-BE67-311FEF2DC711}
		{D7D4F1AA-DC81-48D8-AD4B-E48518A0BAA7} = {85FE09AD-C052-4555-B616-F91C5AF93852}
		{4F2CBE0F-8513-489E-8482-495912898E43} = {0FA75A15-4CCB-4F4F-8C3D-C6CAC20AF76C}
		{500196D4-43D9-48F4-B10C-427A66F9701C} = {85FE09AD-C052-4555-B616-F91C5AF93852}
		{56339630-1C77-4C11-99BB-E50C7F797D8B} = {C3EC6A10-9CCB-4044-B473-CDEDCE35B9E6}
		{381AD5EB-F3FC-4DCD-A915-DE9979269F08} = {80761550-5E4B-44FF-AAFD-5B1E3526A24C}
		{37DDF2C5-9EB4-4B57-BE67-311FEF2DC711} = {80761550-5E4B-44FF-AAFD-5B1E3526A24C}
		{0FA75A15-4CCB-4F4F-8C3D-C6CAC20AF76C} = {80761550-5E4B-44FF-AAFD-5B1E3526A24C}
		{85FE09AD-C052-4555-B616-F91C5AF93852} = {80761550-5E4B-44FF-AAFD-5B1E3526A24C}
		{C3EC6A10-9CCB-4044-B473-CDEDCE35B9E6} = {80761550-5E4B-44FF-AAFD-5B1E3526A24C}
		{1808A346-CD75-4D03-AF2F-965998B3FE13} = {80761550-5E4B-44FF-AAFD-5B1E3526A24C}
		{EA4BE8A2-0A9C-43C7-86B6-73943BE532A4} = {1808A346-CD75-4D03-AF2F-965998B3FE13}
		{2A2146DB-486F-4721-A2F4-75C7B964F136} = {381AD5EB-F3FC-4DCD-A915-DE9979269F08}
		{9323CB95-BC07-49E4-89EC-34E5AD9D487E} = {A26A2384-FC11-47D3-95E3-E63F1D974F58}
		{A26A2384-FC11-47D3-95E3-E63F1D974F58} = {80761550-5E4B-44FF-AAFD-5B1E3526A24C}
	EndGlobalSection
EndGlobal
